<?xml version="1.0" encoding="UTF-8" standalone="yes" ?>
<CodeBlocks_project_file>
	<FileVersion major="1" minor="6" />
	<Project>
		<Option title="PARSER_StarKist" />
		<Option pch_mode="2" />
		<Option compiler="gcc" />
		<Build>
			<Target title="Debug">
				<Option output="bin/Debug/PARSER_StarKist" prefix_auto="1" extension_auto="1" />
				<Option object_output="obj/Debug/" />
				<Option type="1" />
				<Option compiler="gcc" />
				<Option parameters="-d -v -o StarKistParser.c StarKist.y" />
				<Compiler>
					<Add option="-g" />
				</Compiler>
			</Target>
			<Target title="Release">
				<Option output="bin/Release/PARSER_StarKist" prefix_auto="1" extension_auto="1" />
				<Option object_output="obj/Release/" />
				<Option type="1" />
				<Option compiler="gcc" />
				<Option parameters="-d -v -o StarKistParser.c StarKist.y" />
				<Compiler>
					<Add option="-O2" />
				</Compiler>
				<Linker>
					<Add option="-s" />
				</Linker>
			</Target>
		</Build>
		<Compiler>
			<Add option="-Wall" />
		</Compiler>
		<Unit filename="../../FOLDER_1_Bison/HEADER_FILES/files.h" />
		<Unit filename="../../FOLDER_1_Bison/HEADER_FILES/getopt.h" />
		<Unit filename="../../FOLDER_1_Bison/HEADER_FILES/gram.h" />
		<Unit filename="../../FOLDER_1_Bison/HEADER_FILES/lex.h" />
		<Unit filename="../../FOLDER_1_Bison/HEADER_FILES/machine.h" />
		<Unit filename="../../FOLDER_1_Bison/HEADER_FILES/new.h" />
		<Unit filename="../../FOLDER_1_Bison/HEADER_FILES/state.h" />
		<Unit filename="../../FOLDER_1_Bison/HEADER_FILES/symtab.h" />
		<Unit filename="../../FOLDER_1_Bison/HEADER_FILES/system.h" />
		<Unit filename="../../FOLDER_1_Bison/HEADER_FILES/types.h" />
		<Unit filename="../../FOLDER_1_Bison/SOURCE_FILES/LR0.c">
			<Option compilerVar="CC" />
		</Unit>
		<Unit filename="../../FOLDER_1_Bison/SOURCE_FILES/alloca.c">
			<Option compilerVar="CC" />
		</Unit>
		<Unit filename="../../FOLDER_1_Bison/SOURCE_FILES/allocate.c">
			<Option compilerVar="CC" />
		</Unit>
		<Unit filename="../../FOLDER_1_Bison/SOURCE_FILES/closure.c">
			<Option compilerVar="CC" />
		</Unit>
		<Unit filename="../../FOLDER_1_Bison/SOURCE_FILES/conflicts.c">
			<Option compilerVar="CC" />
		</Unit>
		<Unit filename="../../FOLDER_1_Bison/SOURCE_FILES/derives.c">
			<Option compilerVar="CC" />
		</Unit>
		<Unit filename="../../FOLDER_1_Bison/SOURCE_FILES/files.c">
			<Option compilerVar="CC" />
		</Unit>
		<Unit filename="../../FOLDER_1_Bison/SOURCE_FILES/getargs.c">
			<Option compilerVar="CC" />
		</Unit>
		<Unit filename="../../FOLDER_1_Bison/SOURCE_FILES/getopt.c">
			<Option compilerVar="CC" />
		</Unit>
		<Unit filename="../../FOLDER_1_Bison/SOURCE_FILES/getopt1.c">
			<Option compilerVar="CC" />
		</Unit>
		<Unit filename="../../FOLDER_1_Bison/SOURCE_FILES/gram.c">
			<Option compilerVar="CC" />
		</Unit>
		<Unit filename="../../FOLDER_1_Bison/SOURCE_FILES/lalr.c">
			<Option compilerVar="CC" />
		</Unit>
		<Unit filename="../../FOLDER_1_Bison/SOURCE_FILES/lex.c">
			<Option compilerVar="CC" />
		</Unit>
		<Unit filename="../../FOLDER_1_Bison/SOURCE_FILES/main.c">
			<Option compilerVar="CC" />
		</Unit>
		<Unit filename="../../FOLDER_1_Bison/SOURCE_FILES/nullable.c">
			<Option compilerVar="CC" />
		</Unit>
		<Unit filename="../../FOLDER_1_Bison/SOURCE_FILES/output.c">
			<Option compilerVar="CC" />
		</Unit>
		<Unit filename="../../FOLDER_1_Bison/SOURCE_FILES/print.c">
			<Option compilerVar="CC" />
		</Unit>
		<Unit filename="../../FOLDER_1_Bison/SOURCE_FILES/reader.c">
			<Option compilerVar="CC" />
		</Unit>
		<Unit filename="../../FOLDER_1_Bison/SOURCE_FILES/reduce.c">
			<Option compilerVar="CC" />
		</Unit>
		<Unit filename="../../FOLDER_1_Bison/SOURCE_FILES/symtab.c">
			<Option compilerVar="CC" />
		</Unit>
		<Unit filename="../../FOLDER_1_Bison/SOURCE_FILES/version.c">
			<Option compilerVar="CC" />
		</Unit>
		<Unit filename="../../FOLDER_1_Bison/SOURCE_FILES/warshall.c">
			<Option compilerVar="CC" />
		</Unit>
		<Extensions>
			<code_completion />
			<debugger />
		</Extensions>
	</Project>
</CodeBlocks_project_file>
